
Microsoft Visual Studio Solution File, Format Version 12.00
Project("{FAE04EC0-301F-11D3-BF4B-00C04F79EFBC}") = "SecureOnlineVoting", "SecureOnlineVoting\SecureOnlineVoting.csproj", "{D4A2C5C7-9007-4FBF-B813-FA500F4A4CD3}"
EndProject
Global
	GlobalSection(SolutionConfigurationPlatforms) = preSolution
		Debug|Any CPU = Debug|Any CPU
		Release|Any CPU = Release|Any CPU
	EndGlobalSection
	GlobalSection(ProjectConfigurationPlatforms) = postSolution
		{D4A2C5C7-9007-4FBF-B813-FA500F4A4CD3}.Debug|Any CPU.ActiveCfg = Debug|Any CPU
		{D4A2C5C7-9007-4FBF-B813-FA500F4A4CD3}.Debug|Any CPU.Build.0 = Debug|Any CPU
		{D4A2C5C7-9007-4FBF-B813-FA500F4A4CD3}.Release|Any CPU.ActiveCfg = Release|Any CPU
		{D4A2C5C7-9007-4FBF-B813-FA500F4A4CD3}.Release|Any CPU.Build.0 = Release|Any CPU
	EndGlobalSection
EndGlobal
